
Microsoft Visual Studio Solution File, Format Version 12.00
# Visual Studio Version 16
VisualStudioVersion = 16.0.30621.155
MinimumVisualStudioVersion = 10.0.40219.1
Project("{FAE04EC0-301F-11D3-BF4B-00C04F79EFBC}") = "ElevenNote.Models", "ElevenNote.Models\ElevenNote.Models.csproj", "{5A1DAAC1-D55A-4728-9F56-0D2D8398EABA}"
EndProject
Project("{FAE04EC0-301F-11D3-BF4B-00C04F79EFBC}") = "EvevenNote.Services", "EvevenNote.Services\EvevenNote.Services.csproj", "{3821F196-1B0E-4C6E-B5A0-0D38859028EC}"
EndProject
Project("{FAE04EC0-301F-11D3-BF4B-00C04F79EFBC}") = "Eleven.Data", "Eleven.Data\Eleven.Data.csproj", "{99A61538-441D-47C2-AAB2-B5227146FA9A}"
EndProject
Project("{FAE04EC0-301F-11D3-BF4B-00C04F79EFBC}") = "ElevenNote.WebAPI", "ElevenNote.API\ElevenNote.WebAPI.csproj", "{E256A898-6822-4A79-843B-2931F810F79C}"
EndProject
Global
	GlobalSection(SolutionConfigurationPlatforms) = preSolution
		Debug|Any CPU = Debug|Any CPU
		Release|Any CPU = Release|Any CPU
	EndGlobalSection
	GlobalSection(ProjectConfigurationPlatforms) = postSolution
		{5A1DAAC1-D55A-4728-9F56-0D2D8398EABA}.Debug|Any CPU.ActiveCfg = Debug|Any CPU
		{5A1DAAC1-D55A-4728-9F56-0D2D8398EABA}.Debug|Any CPU.Build.0 = Debug|Any CPU
		{5A1DAAC1-D55A-4728-9F56-0D2D8398EABA}.Release|Any CPU.ActiveCfg = Release|Any CPU
		{5A1DAAC1-D55A-4728-9F56-0D2D8398EABA}.Release|Any CPU.Build.0 = Release|Any CPU
		{3821F196-1B0E-4C6E-B5A0-0D38859028EC}.Debug|Any CPU.ActiveCfg = Debug|Any CPU
		{3821F196-1B0E-4C6E-B5A0-0D38859028EC}.Debug|Any CPU.Build.0 = Debug|Any CPU
		{3821F196-1B0E-4C6E-B5A0-0D38859028EC}.Release|Any CPU.ActiveCfg = Release|Any CPU
		{3821F196-1B0E-4C6E-B5A0-0D38859028EC}.Release|Any CPU.Build.0 = Release|Any CPU
		{99A61538-441D-47C2-AAB2-B5227146FA9A}.Debug|Any CPU.ActiveCfg = Debug|Any CPU
		{99A61538-441D-47C2-AAB2-B5227146FA9A}.Debug|Any CPU.Build.0 = Debug|Any CPU
		{99A61538-441D-47C2-AAB2-B5227146FA9A}.Release|Any CPU.ActiveCfg = Release|Any CPU
		{99A61538-441D-47C2-AAB2-B5227146FA9A}.Release|Any CPU.Build.0 = Release|Any CPU
		{E256A898-6822-4A79-843B-2931F810F79C}.Debug|Any CPU.ActiveCfg = Debug|Any CPU
		{E256A898-6822-4A79-843B-2931F810F79C}.Debug|Any CPU.Build.0 = Debug|Any CPU
		{E256A898-6822-4A79-843B-2931F810F79C}.Release|Any CPU.ActiveCfg = Release|Any CPU
		{E256A898-6822-4A79-843B-2931F810F79C}.Release|Any CPU.Build.0 = Release|Any CPU
	EndGlobalSection
	GlobalSection(SolutionProperties) = preSolution
		HideSolutionNode = FALSE
	EndGlobalSection
	GlobalSection(ExtensibilityGlobals) = postSolution
		SolutionGuid = {9D43DED4-C9BC-4170-9324-E9F8152920BD}
	EndGlobalSection
EndGlobal
